# This file is generated by running "yarn install" inside your project.
# Manual changes might be lost - proceed with caution!

__metadata:
  version: 8
  cacheKey: 10c0

"app@workspace:packages/app":
  version: 0.0.0-use.local
  resolution: "app@workspace:packages/app"
  dependencies:
    lodash: "npm:^4.17.0"
    semver: "npm:^7.6.0"
  languageName: unknown
  linkType: soft

"lodash@npm:^4.17.0":
  version: 4.17.21
  resolution: "lodash@npm:4.17.21"
  checksum: 10c0/aaaa
  languageName: node
  linkType: hard

"root-workspace@workspace:.":
  version: 0.0.0-use.local
  resolution: "root-workspace@workspace:."
  dependencies:
    semver: "npm:^7.7.0"
  languageName: unknown
  linkType: soft

"semver@npm:^7.6.0":
  version: 7.6.3
  resolution: "semver@npm:7.6.3"
  checksum: 10c0/bbbb
  languageName: node
  linkType: hard

"semver@npm:^7.7.0":
  version: 7.7.3
  resolution: "semver@npm:7.7.3"
  checksum: 10c0/cccc
  languageName: node
  linkType: hard
