# This file is generated by running "yarn install" inside your project.
# Manual changes might be lost - proceed with caution!

__metadata:
  version: 8
  cacheKey: 10c0

"@pob/eslint-config@npm:65.5.0":
  version: 65.5.0
  resolution: "@pob/eslint-config@npm:65.5.0"
  dependencies:
    "@pob/eslint-plugin": "npm:1.0.0"
    "@typescript-eslint/eslint-plugin": "npm:^8.43.0"
    "@typescript-eslint/parser": "npm:^8.43.0"
  checksum: 10c0/aaaa
  languageName: node
  linkType: hard

"@pob/eslint-plugin@npm:1.0.0":
  version: 1.0.0
  resolution: "@pob/eslint-plugin@npm:1.0.0"
  dependencies:
    "@typescript-eslint/utils": "npm:8.43.0"
  checksum: 10c0/bbbb
  languageName: node
  linkType: hard

"@typescript-eslint/eslint-plugin@npm:^8.43.0":
  version: 8.46.2
  resolution: "@typescript-eslint/eslint-plugin@npm:8.46.2"
  dependencies:
    "@typescript-eslint/type-utils": "npm:8.46.2"
    "@typescript-eslint/types": "npm:8.46.2"
    "@typescript-eslint/utils": "npm:8.46.2"
  checksum: 10c0/cccc
  languageName: node
  linkType: hard

"@typescript-eslint/parser@npm:^8.43.0":
  version: 8.46.2
  resolution: "@typescript-eslint/parser@npm:8.46.2"
  dependencies:
    "@typescript-eslint/types": "npm:8.46.2"
  checksum: 10c0/dddd
  languageName: node
  linkType: hard

"@typescript-eslint/type-utils@npm:8.46.2":
  version: 8.46.2
  resolution: "@typescript-eslint/type-utils@npm:8.46.2"
  dependencies:
    "@typescript-eslint/types": "npm:8.46.2"
    "@typescript-eslint/utils": "npm:8.46.2"
  checksum: 10c0/eeee
  languageName: node
  linkType: hard

"@typescript-eslint/types@npm:8.43.0":
  version: 8.43.0
  resolution: "@typescript-eslint/types@npm:8.43.0"
  checksum: 10c0/ffff
  languageName: node
  linkType: hard

"@typescript-eslint/types@npm:8.46.2":
  version: 8.46.2
  resolution: "@typescript-eslint/types@npm:8.46.2"
  checksum: 10c0/1111
  languageName: node
  linkType: hard

"@typescript-eslint/utils@npm:8.43.0":
  version: 8.43.0
  resolution: "@typescript-eslint/utils@npm:8.43.0"
  dependencies:
    "@typescript-eslint/types": "npm:8.43.0"
  checksum: 10c0/2222
  languageName: node
  linkType: hard

"@typescript-eslint/utils@npm:8.46.2":
  version: 8.46.2
  resolution: "@typescript-eslint/utils@npm:8.46.2"
  dependencies:
    "@typescript-eslint/types": "npm:8.46.2"
  checksum: 10c0/3333
  languageName: node
  linkType: hard

"root-workspace@workspace:.":
  version: 0.0.0-use.local
  resolution: "root-workspace@workspace:."
  devDependencies:
    "@pob/eslint-config": "npm:65.5.0"
  languageName: unknown
  linkType: soft
