# This file is generated by running "yarn install" inside your project.
# Manual changes might be lost - proceed with caution!

__metadata:
  version: 8
  cacheKey: 10c0

"@babel/code-frame@npm:^7.26.2":
  version: 7.27.1
  resolution: "@babel/code-frame@npm:7.27.1"
  checksum: 10c0/aaaa
  languageName: node
  linkType: hard

"@babel/code-frame@npm:^8.0.0":
  version: 8.0.1
  resolution: "@babel/code-frame@npm:8.0.1"
  checksum: 10c0/bbbb
  languageName: node
  linkType: hard

"root-workspace@workspace:.":
  version: 0.0.0-use.local
  resolution: "root-workspace@workspace:."
  dependencies:
    "@babel/code-frame": "npm:^7.26.2"
    uses-frame-8: "npm:1.0.0"
  languageName: unknown
  linkType: soft

"uses-frame-8@npm:1.0.0":
  version: 1.0.0
  resolution: "uses-frame-8@npm:1.0.0"
  dependencies:
    "@babel/code-frame": "npm:^8.0.0"
  checksum: 10c0/cccc
  languageName: node
  linkType: hard
