{
  "lockfileVersion": 1,
  "workspaces": {
    "": {
      "dependencies": {
        "tool": "1.0.0",
      },
      "devDependencies": {
        "@typescript/native": "npm:typescript@^7.0.0",
        "typescript": "npm:@typescript/typescript6@6.0.2",
      },
    },
  },
  "packages": {
    "@typescript/native": ["typescript@7.0.2", "", {}, "sha512-aaaaaaaaaaaaaaaaaaaaaaaaaaaaaaaaaaaaaaaaaaaaaaaaaaaaaaaaaaaaaaaaaaaaaaaaaaaaaaaaaaaaaaaaaaaaaa=="],

    "tool": ["tool@1.0.0", "", { "dependencies": { "typescript": "^7.1.0" } }, "sha512-bbbbbbbbbbbbbbbbbbbbbbbbbbbbbbbbbbbbbbbbbbbbbbbbbbbbbbbbbbbbbbbbbbbbbbbbbbbbbbbbbbbbbbbbbbbbbb=="],

    "typescript": ["@typescript/typescript6@6.0.2", "", {}, "sha512-cccccccccccccccccccccccccccccccccccccccccccccccccccccccccccccccccccccccccccccccccccccccccccccc=="],

    "tool/typescript": ["typescript@7.1.0", "", {}, "sha512-dddddddddddddddddddddddddddddddddddddddddddddddddddddddddddddddddddddddddddddddddddddddddddddd=="],
  }
}
