{
  "lockfileVersion": 1,
  "workspaces": {
    "": {
      "dependencies": {
        "@yudiel/react-qr-scanner": "2.3.1",
        "expo-camera": "57.0.3",
      },
    },
  },
  "packages": {
    "@yudiel/react-qr-scanner": ["@yudiel/react-qr-scanner@2.3.1", "", { "dependencies": { "barcode-detector": "3.0.3" } }, "sha512-fE7217QvMKT/AxAEeKIheFhkKO13PSGHiqJfg4dLK/SGPpelpXNpZZ0Qeph1Cm08/AqMlGhvzQbCmoPeD/VVIg=="],

    "barcode-detector": ["barcode-detector@3.0.3", "", { "dependencies": { "zxing-wasm": "^2.1.2" } }, "sha512-N07CNbpudOB3oIYm0tvaezCM6zy9HOlYnUCBhX6Q5UGhnqngyBgOf/p/5ZhqHxsf9/QYy5dX95RrblIs0hNaiw=="],

    "expo-camera": ["expo-camera@57.0.3", "", { "dependencies": { "barcode-detector": "^3.0.0" } }, "sha512-Q+3aZ63eQCkdB6/FZrO/lfacNAg/j8JCeKQL2nBdf6vBeOo1Y2PKYx1/vK+U5LaRnIo/0tMGmCOzZ1JGhTeMIw=="],

    "zxing-wasm": ["zxing-wasm@2.2.4", "", {}, "sha512-1gq5zs4wuNTs5umWLypzNNeuJoluFvwmvjiiT3L9z/TMlVveeJRWy7h90xyUqCe+Qq0zL0w7o5zkdDMWDr9aZA=="],

    "expo-camera/barcode-detector": ["barcode-detector@3.2.2", "", { "dependencies": { "zxing-wasm": "3.1.3" } }, "sha512-/4QOrrNrCRmDSBWiiP4aC72dnkuXUEdcFRidHgbPRXUpy82XcCMvJssI6fEs6JT42LS7DvBVZO70qasJbYKyrA=="],

    "expo-camera/barcode-detector/zxing-wasm": ["zxing-wasm@3.1.3", "", {}, "sha512-3lC9BJk4fR5ZJxcGjb0hVnDFOW7KpLXHIebiBmVd4FDRQZVeObztoTKxRUPxlWwSgxrMRONK0u50hBD1aTYEKg=="],
  }
}
