# This file is generated by running "yarn install" inside your project.
# Manual changes might be lost - proceed with caution!

__metadata:
  version: 8
  cacheKey: 10c0

"local-lib@workspace:packages/local-lib":
  version: 0.0.0-use.local
  resolution: "local-lib@workspace:packages/local-lib"
  dependencies:
    lodash: "npm:^4.17.0"
  languageName: unknown
  linkType: soft

"lodash@npm:^4.17.0":
  version: 4.17.21
  resolution: "lodash@npm:4.17.21"
  checksum: 10c0/aaaa
  languageName: node
  linkType: hard

"resolve@npm:^1.22.8":
  version: 1.22.10
  resolution: "resolve@npm:1.22.10"
  checksum: 10c0/bbbb
  languageName: node
  linkType: hard

"resolve@patch:resolve@npm%3A^1.22.8#optional!builtin<compat/resolve>":
  version: 1.22.10
  resolution: "resolve@patch:resolve@npm%3A1.22.10#optional!builtin<compat/resolve>::version=1.22.10&hash=c3c19d"
  checksum: 10c0/cccc
  languageName: node
  linkType: hard

"root-workspace@workspace:.":
  version: 0.0.0-use.local
  resolution: "root-workspace@workspace:."
  dependencies:
    from-git: "https://github.com/example/from-git.git#commit=abc123"
    local-lib: "workspace:*"
    resolve: "npm:^1.22.8"
  languageName: unknown
  linkType: soft
