lockfileVersion: '9.0'

settings:
  autoInstallPeers: true
  excludeLinksFromLockfile: false

importers:

  .:
    devDependencies:
      '@typescript/native':
        specifier: npm:typescript@7.0.2
        version: typescript@7.0.2
      typescript:
        specifier: npm:@typescript/typescript6@6.0.2
        version: '@typescript/typescript6@6.0.2'

  tool:
    devDependencies:
      '@typescript/native':
        specifier: npm:typescript@7.0.2
        version: typescript@7.0.2

packages:

  '@typescript/typescript-darwin-arm64@7.0.2':
    resolution: {integrity: sha512-aaaaaaaaaaaaaaaaaaaaaaaaaaaaaaaaaaaaaaaaaaaaaaaaaaaaaaaaaaaaaaaaaaaaaaaaaaaaaaaaaaaaaaaaaaaaaa==}

  '@typescript/typescript-linux-x64@7.0.2':
    resolution: {integrity: sha512-bbbbbbbbbbbbbbbbbbbbbbbbbbbbbbbbbbbbbbbbbbbbbbbbbbbbbbbbbbbbbbbbbbbbbbbbbbbbbbbbbbbbbbbbbbbbbb==}

  '@typescript/typescript6@6.0.2':
    resolution: {integrity: sha512-cccccccccccccccccccccccccccccccccccccccccccccccccccccccccccccccccccccccccccccccccccccccccccccc==}

  typescript@6.0.3:
    resolution: {integrity: sha512-dddddddddddddddddddddddddddddddddddddddddddddddddddddddddddddddddddddddddddddddddddddddddddddd==}

  typescript@7.0.2:
    resolution: {integrity: sha512-eeeeeeeeeeeeeeeeeeeeeeeeeeeeeeeeeeeeeeeeeeeeeeeeeeeeeeeeeeeeeeeeeeeeeeeeeeeeeeeeeeeeeeeeeeeeee==}

snapshots:

  '@typescript/typescript-darwin-arm64@7.0.2':
    optional: true

  '@typescript/typescript-linux-x64@7.0.2':
    optional: true

  '@typescript/typescript6@6.0.2':
    dependencies:
      typescript: 6.0.3

  typescript@6.0.3: {}

  typescript@7.0.2:
    optionalDependencies:
      '@typescript/typescript-darwin-arm64': 7.0.2
      '@typescript/typescript-linux-x64': 7.0.2
