# This file is generated by running "yarn install" inside your project.
# Manual changes might be lost - proceed with caution!

__metadata:
  version: 8
  cacheKey: 10c0

"printable-shell-command@npm:^5.0.7":
  version: 5.0.7
  resolution: "printable-shell-command@npm:5.0.7"
  checksum: 10c0/aaaa
  languageName: node
  linkType: hard

"printable-shell-command@npm:^5.0.8":
  version: 5.0.8
  resolution: "printable-shell-command@npm:5.0.8"
  checksum: 10c0/bbbb
  languageName: node
  linkType: hard

"root-workspace@workspace:.":
  version: 0.0.0-use.local
  resolution: "root-workspace@workspace:."
  dependencies:
    printable-shell-command: "npm:^5.0.7"
    uses-psc: "npm:1.0.0"
  languageName: unknown
  linkType: soft

"uses-psc@npm:1.0.0":
  version: 1.0.0
  resolution: "uses-psc@npm:1.0.0"
  dependencies:
    printable-shell-command: "npm:^5.0.8"
  checksum: 10c0/cccc
  languageName: node
  linkType: hard
