# This file is generated by running "yarn install" inside your project.
# Manual changes might be lost - proceed with caution!

__metadata:
  version: 8
  cacheKey: 10c0

"@types/node@npm:>=24.7.1, @types/node@npm:>=25.0.3":
  version: 26.4.0
  resolution: "@types/node@npm:26.4.0"
  dependencies:
    undici-types: "npm:~8.3.0"
  checksum: 10c0/e6fc94ea3b58fb8040b38c465dec1c53c1fd9d2c092c81f699d28799726baf59f12e1600318e79e8e6f985bb919dab6ae820180b942b8e38c51acaad63e8aada
  languageName: node
  linkType: hard

"a@workspace:packages/a":
  version: 0.0.0-use.local
  resolution: "a@workspace:packages/a"
  dependencies:
    printable-shell-command: "npm:^5.0.7"
  languageName: unknown
  linkType: soft

"b@workspace:packages/b":
  version: 0.0.0-use.local
  resolution: "b@workspace:packages/b"
  dependencies:
    printable-shell-command: "npm:5.3.1"
  languageName: unknown
  linkType: soft

"path-class@npm:>=0.12.1, path-class@npm:>=0.15.1":
  version: 0.16.0
  resolution: "path-class@npm:0.16.0"
  dependencies:
    "@types/node": "npm:>=24.7.1"
  checksum: 10c0/c74de4e2c7f3af151793579f35b272216a5aaaa8d62873152443a5742d02cfbd67386573bf6bff0fba4c60229d5d5dd3bbc627089b06b10becbb85d2930cff73
  languageName: node
  linkType: hard

"printable-shell-command@npm:5.3.1":
  version: 5.3.1
  resolution: "printable-shell-command@npm:5.3.1"
  dependencies:
    path-class: "npm:>=0.15.1"
  checksum: 10c0/f951945faffcc39ace21481bcd3b541666cc986214f65fee6e54bc556df99bae1cd0f1d7e03a1a61a067258110c89d17476e75505186cfca39f6669a74ade335
  languageName: node
  linkType: hard

"printable-shell-command@npm:^5.0.7":
  version: 5.0.7
  resolution: "printable-shell-command@npm:5.0.7"
  dependencies:
    "@types/node": "npm:>=25.0.3"
    path-class: "npm:>=0.12.1"
  checksum: 10c0/f9ce3bcafc03a4b1bcea4d9d3b82ce8d8ca5d5cbfede663616d8555803ba3ad5a761ab4b38b783204f9436e4ef6f125386d522228c4f899a6f1ab4190733153f
  languageName: node
  linkType: hard

"undici-types@npm:~8.3.0":
  version: 8.3.0
  resolution: "undici-types@npm:8.3.0"
  checksum: 10c0/c8aa7e2fbebfce519654dafadc0ece59be888d2ccaf180fb4495da875e7b536d2456345c384069c7e6f3e9c9ab7435f074957da306f142343eee86ff8048855a
  languageName: node
  linkType: hard

"yarn-berry-deduplicate-e2e@workspace:.":
  version: 0.0.0-use.local
  resolution: "yarn-berry-deduplicate-e2e@workspace:."
  languageName: unknown
  linkType: soft
