# This file is generated by running "yarn install" inside your project.
# Manual changes might be lost - proceed with caution!

__metadata:
  version: 8
  cacheKey: 10c0

"lodash@npm:4.17.21, lodash@npm:^4.17.0":
  version: 4.17.21
  resolution: "lodash@npm:4.17.21"
  checksum: 10c0/aaaa
  languageName: node
  linkType: hard

"lodash@patch:lodash@npm%3A4.17.21#./patches/lodash.patch":
  version: 4.17.21
  resolution: "lodash@patch:lodash@npm%3A4.17.21#./patches/lodash.patch::version=4.17.21&hash=1a2b3c"
  checksum: 10c0/bbbb
  languageName: node
  linkType: hard

"root-workspace@workspace:.":
  version: 0.0.0-use.local
  resolution: "root-workspace@workspace:."
  dependencies:
    lodash: "npm:^4.17.0"
    uses-patched-lodash: "npm:1.0.0"
  languageName: unknown
  linkType: soft

"uses-patched-lodash@npm:1.0.0":
  version: 1.0.0
  resolution: "uses-patched-lodash@npm:1.0.0"
  dependencies:
    lodash: "patch:lodash@npm%3A4.17.21#./patches/lodash.patch"
  checksum: 10c0/cccc
  languageName: node
  linkType: hard
