lockfileVersion: '9.0'

settings:
  autoInstallPeers: true
  excludeLinksFromLockfile: false

importers:

  .:
    dependencies:
      tool:
        specifier: 1.0.0
        version: 1.0.0
    devDependencies:
      '@typescript/native':
        specifier: npm:typescript@7.0.2
        version: typescript@7.0.2
      typescript:
        specifier: npm:@typescript/typescript6@6.0.2
        version: '@typescript/typescript6@6.0.2'

packages:

  '@typescript/typescript6@6.0.2':
    resolution: {integrity: sha512-aaaaaaaaaaaaaaaaaaaaaaaaaaaaaaaaaaaaaaaaaaaaaaaaaaaaaaaaaaaaaaaaaaaaaaaaaaaaaaaaaaaaaaaaaaaaaa==}

  tool@1.0.0:
    resolution: {integrity: sha512-bbbbbbbbbbbbbbbbbbbbbbbbbbbbbbbbbbbbbbbbbbbbbbbbbbbbbbbbbbbbbbbbbbbbbbbbbbbbbbbbbbbbbbbbbbbbbb==}

  typescript@5.9.3:
    resolution: {integrity: sha512-cccccccccccccccccccccccccccccccccccccccccccccccccccccccccccccccccccccccccccccccccccccccccccccc==}

  typescript@7.0.2:
    resolution: {integrity: sha512-dddddddddddddddddddddddddddddddddddddddddddddddddddddddddddddddddddddddddddddddddddddddddddddd==}

snapshots:

  '@typescript/typescript6@6.0.2': {}

  tool@1.0.0:
    dependencies:
      typescript: 5.9.3

  typescript@5.9.3: {}

  typescript@7.0.2: {}
