{
  "lockfileVersion": 1,
  "workspaces": {
    "": {
      "dependencies": {
        "type-fest": "5.2.0",
      },
    },
  },
  "packages": {
    "tagged-tag": ["tagged-tag@1.0.0", "", {}, "sha512-yEFYrVhod+hdNyx7g5Bnkkb0G6si8HJurOoOEgC8B/O0uXLHlaey/65KRv6cuWBNhBgHKAROVpc7QyYqE5gFng=="],

    "type-fest": ["type-fest@5.2.0", "", { "dependencies": { "tagged-tag": "^1.0.0" } }, "sha512-xxCJm+Bckc6kQBknN7i9fnP/xobQRsRQxR01CztFkp/h++yfVxUUcmMgfR2HttJx/dpWjS9ubVuyspJv24Q9DA=="],
  }
}
